
Microsoft Visual Studio Solution File, Format Version 12.00
# Visual Studio Version 17
VisualStudioVersion = 17.14.36930.0
MinimumVisualStudioVersion = 10.0.40219.1
Project("{FAE04EC0-301F-11D3-BF4B-00C04F79EFBC}") = "AssetForge.API", "AssetForge.API\AssetForge.API.csproj", "{B6C36A2A-BCE3-4623-A19A-D17EDF3CCE24}"
EndProject
Project("{FAE04EC0-301F-11D3-BF4B-00C04F79EFBC}") = "AssetForge.Application", "AssetForge.Application\AssetForge.Application.csproj", "{E5661846-CD8C-4CDB-A3A1-C18B26BCFDD6}"
EndProject
Project("{FAE04EC0-301F-11D3-BF4B-00C04F79EFBC}") = "AssetForge.Domain", "AssetForge.Domain\AssetForge.Domain.csproj", "{75FE29CF-AB17-4160-928C-94C480A85D3E}"
EndProject
Project("{FAE04EC0-301F-11D3-BF4B-00C04F79EFBC}") = "AssetForge.Infrastructure", "AssetForge.Infrastructure\AssetForge.Infrastructure.csproj", "{AF67DB57-3363-4A9C-86C6-8B2C5F8331C7}"
EndProject
Project("{2150E333-8FDC-42A3-9474-1A3956D46DE8}") = "Solution Items", "Solution Items", "{8EC462FD-D22E-90A8-E5CE-7E832BA40C5D}"
	ProjectSection(SolutionItems) = preProject
		.gitignore = .gitignore
	EndProjectSection
EndProject
Global
	GlobalSection(SolutionConfigurationPlatforms) = preSolution
		Debug|Any CPU = Debug|Any CPU
		Release|Any CPU = Release|Any CPU
	EndGlobalSection
	GlobalSection(ProjectConfigurationPlatforms) = postSolution
		{B6C36A2A-BCE3-4623-A19A-D17EDF3CCE24}.Debug|Any CPU.ActiveCfg = Debug|Any CPU
		{B6C36A2A-BCE3-4623-A19A-D17EDF3CCE24}.Debug|Any CPU.Build.0 = Debug|Any CPU
		{B6C36A2A-BCE3-4623-A19A-D17EDF3CCE24}.Release|Any CPU.ActiveCfg = Release|Any CPU
		{B6C36A2A-BCE3-4623-A19A-D17EDF3CCE24}.Release|Any CPU.Build.0 = Release|Any CPU
		{E5661846-CD8C-4CDB-A3A1-C18B26BCFDD6}.Debug|Any CPU.ActiveCfg = Debug|Any CPU
		{E5661846-CD8C-4CDB-A3A1-C18B26BCFDD6}.Debug|Any CPU.Build.0 = Debug|Any CPU
		{E5661846-CD8C-4CDB-A3A1-C18B26BCFDD6}.Release|Any CPU.ActiveCfg = Release|Any CPU
		{E5661846-CD8C-4CDB-A3A1-C18B26BCFDD6}.Release|Any CPU.Build.0 = Release|Any CPU
		{75FE29CF-AB17-4160-928C-94C480A85D3E}.Debug|Any CPU.ActiveCfg = Debug|Any CPU
		{75FE29CF-AB17-4160-928C-94C480A85D3E}.Debug|Any CPU.Build.0 = Debug|Any CPU
		{75FE29CF-AB17-4160-928C-94C480A85D3E}.Release|Any CPU.ActiveCfg = Release|Any CPU
		{75FE29CF-AB17-4160-928C-94C480A85D3E}.Release|Any CPU.Build.0 = Release|Any CPU
		{AF67DB57-3363-4A9C-86C6-8B2C5F8331C7}.Debug|Any CPU.ActiveCfg = Debug|Any CPU
		{AF67DB57-3363-4A9C-86C6-8B2C5F8331C7}.Debug|Any CPU.Build.0 = Debug|Any CPU
		{AF67DB57-3363-4A9C-86C6-8B2C5F8331C7}.Release|Any CPU.ActiveCfg = Release|Any CPU
		{AF67DB57-3363-4A9C-86C6-8B2C5F8331C7}.Release|Any CPU.Build.0 = Release|Any CPU
	EndGlobalSection
	GlobalSection(SolutionProperties) = preSolution
		HideSolutionNode = FALSE
	EndGlobalSection
	GlobalSection(ExtensibilityGlobals) = postSolution
		SolutionGuid = {5857FD13-3CE5-4128-8281-0E365099D027}
	EndGlobalSection
EndGlobal
